
Microsoft Visual Studio Solution File, Format Version 12.00
Project("{FAE04EC0-301F-11D3-BF4B-00C04F79EFBC}") = "z3n8", "z3n8.csproj", "{8DA16E2A-C101-4C49-B4C5-13ED3A6FA4DD}"
EndProject
Project("{2150E333-8FDC-42A3-9474-1A3956D46DE8}") = "z3n8", "z3n8", "{2E46D07E-628D-4499-9F76-8480AC1CB031}"
EndProject
Global
	GlobalSection(SolutionConfigurationPlatforms) = preSolution
		Debug|Any CPU = Debug|Any CPU
		Release|Any CPU = Release|Any CPU
	EndGlobalSection
	GlobalSection(ProjectConfigurationPlatforms) = postSolution
		{8DA16E2A-C101-4C49-B4C5-13ED3A6FA4DD}.Debug|Any CPU.ActiveCfg = Debug|Any CPU
		{8DA16E2A-C101-4C49-B4C5-13ED3A6FA4DD}.Debug|Any CPU.Build.0 = Debug|Any CPU
		{8DA16E2A-C101-4C49-B4C5-13ED3A6FA4DD}.Release|Any CPU.ActiveCfg = Release|Any CPU
		{8DA16E2A-C101-4C49-B4C5-13ED3A6FA4DD}.Release|Any CPU.Build.0 = Release|Any CPU
	EndGlobalSection
	GlobalSection(NestedProjects) = preSolution
		{8DA16E2A-C101-4C49-B4C5-13ED3A6FA4DD} = {2E46D07E-628D-4499-9F76-8480AC1CB031}
	EndGlobalSection
EndGlobal
